
Microsoft Visual Studio Solution File, Format Version 12.00
# Visual Studio 15
VisualStudioVersion = 15.0.28307.572
MinimumVisualStudioVersion = 10.0.40219.1
Project("{FAE04EC0-301F-11D3-BF4B-00C04F79EFBC}") = "Gantt_GettingStarted", "Gantt_GettingStarted\Gantt_GettingStarted.csproj", "{409E16F3-A81B-4FB9-8770-5CBECC08B398}"
EndProject
Global
	GlobalSection(SolutionConfigurationPlatforms) = preSolution
		Debug|Any CPU = Debug|Any CPU
		Release|Any CPU = Release|Any CPU
	EndGlobalSection
	GlobalSection(ProjectConfigurationPlatforms) = postSolution
		{409E16F3-A81B-4FB9-8770-5CBECC08B398}.Debug|Any CPU.ActiveCfg = Debug|Any CPU
		{409E16F3-A81B-4FB9-8770-5CBECC08B398}.Debug|Any CPU.Build.0 = Debug|Any CPU
		{409E16F3-A81B-4FB9-8770-5CBECC08B398}.Release|Any CPU.ActiveCfg = Release|Any CPU
		{409E16F3-A81B-4FB9-8770-5CBECC08B398}.Release|Any CPU.Build.0 = Release|Any CPU
	EndGlobalSection
	GlobalSection(SolutionProperties) = preSolution
		HideSolutionNode = FALSE
	EndGlobalSection
	GlobalSection(ExtensibilityGlobals) = postSolution
		SolutionGuid = {201F0400-D715-45D1-B1DE-55B795A0F0CA}
	EndGlobalSection
EndGlobal
